// !$*UTF8*$!
{
	archiveVersion = 1;
	classes = {
	};
	objectVersion = 46;
	objects = {

/* Begin PBXBuildFile section */
		6C1C7FE41C4005F000717D37 /* main.m in Sources */ = {isa = PBXBuildFile; fileRef = 6C1C7FE31C4005F000717D37 /* main.m */; };
		6C1C7FE71C4005F000717D37 /* AppDelegate.m in Sources */ = {isa = PBXBuildFile; fileRef = 6C1C7FE61C4005F000717D37 /* AppDelegate.m */; };
		6C1C7FEA1C4005F000717D37 /* ViewController.m in Sources */ = {isa = PBXBuildFile; fileRef = 6C1C7FE91C4005F000717D37 /* ViewController.m */; };
		6C1C7FED1C4005F000717D37 /* Main.storyboard in Resources */ = {isa = PBXBuildFile; fileRef = 6C1C7FEB1C4005F000717D37 /* Main.storyboard */; };
		6C1C7FEF1C4005F000717D37 /* Assets.xcassets in Resources */ = {isa = PBXBuildFile; fileRef = 6C1C7FEE1C4005F000717D37 /* Assets.xcassets */; };
		6C1C7FFF1C40064600717D37 /* BA_MarkableCollectionViewCell.m in Sources */ = {isa = PBXBuildFile; fileRef = 6C1C7FFC1C40064600717D37 /* BA_MarkableCollectionViewCell.m */; };
		6C1C80001C40064600717D37 /* CheckMarkView.m in Sources */ = {isa = PBXBuildFile; fileRef = 6C1C7FFE1C40064600717D37 /* CheckMarkView.m */; };
		6C1C80031C40066900717D37 /* BA_SelectableCollectionViewCollectionViewController.m in Sources */ = {isa = PBXBuildFile; fileRef = 6C1C80021C40066900717D37 /* BA_SelectableCollectionViewCollectionViewController.m */; };
/* End PBXBuildFile section */

/* Begin PBXFileReference section */
		6C1C7FDF1C4005F000717D37 /* SelectableCollectionView.app */ = {isa = PBXFileReference; explicitFileType = wrapper.application; includeInIndex = 0; path = SelectableCollectionView.app; sourceTree = BUILT_PRODUCTS_DIR; };
		6C1C7FE31C4005F000717D37 /* main.m */ = {isa = PBXFileReference; lastKnownFileType = sourcecode.c.objc; path = main.m; sourceTree = "<group>"; };
		6C1C7FE51C4005F000717D37 /* AppDelegate.h */ = {isa = PBXFileReference; lastKnownFileType = sourcecode.c.h; path = AppDelegate.h; sourceTree = "<group>"; };
		6C1C7FE61C4005F000717D37 /* AppDelegate.m */ = {isa = PBXFileReference; lastKnownFileType = sourcecode.c.objc; path = AppDelegate.m; sourceTree = "<group>"; };
		6C1C7FE81C4005F000717D37 /* ViewController.h */ = {isa = PBXFileReference; lastKnownFileType = sourcecode.c.h; path = ViewController.h; sourceTree = "<group>"; };
		6C1C7FE91C4005F000717D37 /* ViewController.m */ = {isa = PBXFileReference; lastKnownFileType = sourcecode.c.objc; path = ViewController.m; sourceTree = "<group>"; };
		6C1C7FEC1C4005F000717D37 /* Base */ = {isa = PBXFileReference; lastKnownFileType = file.storyboard; name = Base; path = Base.lproj/Main.storyboard; sourceTree = "<group>"; };
		6C1C7FEE1C4005F000717D37 /* Assets.xcassets */ = {isa = PBXFileReference; lastKnownFileType = folder.assetcatalog; path = Assets.xcassets; sourceTree = "<group>"; };
		6C1C7FF31C4005F000717D37 /* Info.plist */ = {isa = PBXFileReference; lastKnownFileType = text.plist.xml; path = Info.plist; sourceTree = "<group>"; };
		6C1C7FFB1C40064600717D37 /* BA_MarkableCollectionViewCell.h */ = {isa = PBXFileReference; fileEncoding = 4; lastKnownFileType = sourcecode.c.h; path = BA_MarkableCollectionViewCell.h; sourceTree = "<group>"; };
		6C1C7FFC1C40064600717D37 /* BA_MarkableCollectionViewCell.m */ = {isa = PBXFileReference; fileEncoding = 4; lastKnownFileType = sourcecode.c.objc; path = BA_MarkableCollectionViewCell.m; sourceTree = "<group>"; };
		6C1C7FFD1C40064600717D37 /* CheckMarkView.h */ = {isa = PBXFileReference; fileEncoding = 4; lastKnownFileType = sourcecode.c.h; path = CheckMarkView.h; sourceTree = "<group>"; };
		6C1C7FFE1C40064600717D37 /* CheckMarkView.m */ = {isa = PBXFileReference; fileEncoding = 4; lastKnownFileType = sourcecode.c.objc; path = CheckMarkView.m; sourceTree = "<group>"; };
		6C1C80011C40066900717D37 /* BA_SelectableCollectionViewCollectionViewController.h */ = {isa = PBXFileReference; fileEncoding = 4; lastKnownFileType = sourcecode.c.h; path = BA_SelectableCollectionViewCollectionViewController.h; sourceTree = "<group>"; };
		6C1C80021C40066900717D37 /* BA_SelectableCollectionViewCollectionViewController.m */ = {isa = PBXFileReference; fileEncoding = 4; lastKnownFileType = sourcecode.c.objc; path = BA_SelectableCollectionViewCollectionViewController.m; sourceTree = "<group>"; };
/* End PBXFileReference section */

/* Begin PBXFrameworksBuildPhase section */
		6C1C7FDC1C4005F000717D37 /* Frameworks */ = {
			isa = PBXFrameworksBuildPhase;
			buildActionMask = 2147483647;
			files = (
			);
			runOnlyForDeploymentPostprocessing = 0;
		};
/* End PBXFrameworksBuildPhase section */

/* Begin PBXGroup section */
		6C1C7FD61C4005F000717D37 = {
			isa = PBXGroup;
			children = (
				6C1C7FE11C4005F000717D37 /* SelectableCollectionView */,
				6C1C7FE01C4005F000717D37 /* Products */,
			);
			sourceTree = "<group>";
		};
		6C1C7FE01C4005F000717D37 /* Products */ = {
			isa = PBXGroup;
			children = (
				6C1C7FDF1C4005F000717D37 /* SelectableCollectionView.app */,
			);
			name = Products;
			sourceTree = "<group>";
		};
		6C1C7FE11C4005F000717D37 /* SelectableCollectionView */ = {
			isa = PBXGroup;
			children = (
				6C1C7FF91C40064600717D37 /* BA_SelectableCollectionView */,
				6C1C7FE51C4005F000717D37 /* AppDelegate.h */,
				6C1C7FE61C4005F000717D37 /* AppDelegate.m */,
				6C1C7FE81C4005F000717D37 /* ViewController.h */,
				6C1C7FE91C4005F000717D37 /* ViewController.m */,
				6C1C7FEB1C4005F000717D37 /* Main.storyboard */,
				6C1C7FEE1C4005F000717D37 /* Assets.xcassets */,
				6C1C7FF31C4005F000717D37 /* Info.plist */,
				6C1C7FE21C4005F000717D37 /* Supporting Files */,
			);
			path = SelectableCollectionView;
			sourceTree = "<group>";
		};
		6C1C7FE21C4005F000717D37 /* Supporting Files */ = {
			isa = PBXGroup;
			children = (
				6C1C7FE31C4005F000717D37 /* main.m */,
			);
			name = "Supporting Files";
			sourceTree = "<group>";
		};
		6C1C7FF91C40064600717D37 /* BA_SelectableCollectionView */ = {
			isa = PBXGroup;
			children = (
				6C1C7FFA1C40064600717D37 /* BA_MarkableCollectionViewCell */,
				6C1C80011C40066900717D37 /* BA_SelectableCollectionViewCollectionViewController.h */,
				6C1C80021C40066900717D37 /* BA_SelectableCollectionViewCollectionViewController.m */,
			);
			name = BA_SelectableCollectionView;
			path = Classes/BA_SelectableCollectionView;
			sourceTree = "<group>";
		};
		6C1C7FFA1C40064600717D37 /* BA_MarkableCollectionViewCell */ = {
			isa = PBXGroup;
			children = (
				6C1C7FFB1C40064600717D37 /* BA_MarkableCollectionViewCell.h */,
				6C1C7FFC1C40064600717D37 /* BA_MarkableCollectionViewCell.m */,
				6C1C7FFD1C40064600717D37 /* CheckMarkView.h */,
				6C1C7FFE1C40064600717D37 /* CheckMarkView.m */,
			);
			path = BA_MarkableCollectionViewCell;
			sourceTree = "<group>";
		};
/* End PBXGroup section */

/* Begin PBXNativeTarget section */
		6C1C7FDE1C4005F000717D37 /* SelectableCollectionView */ = {
			isa = PBXNativeTarget;
			buildConfigurationList = 6C1C7FF61C4005F000717D37 /* Build configuration list for PBXNativeTarget "SelectableCollectionView" */;
			buildPhases = (
				6C1C7FDB1C4005F000717D37 /* Sources */,
				6C1C7FDC1C4005F000717D37 /* Frameworks */,
				6C1C7FDD1C4005F000717D37 /* Resources */,
			);
			buildRules = (
			);
			dependencies = (
			);
			name = SelectableCollectionView;
			productName = SelectableCollectionView;
			productReference = 6C1C7FDF1C4005F000717D37 /* SelectableCollectionView.app */;
			productType = "com.apple.product-type.application";
		};
/* End PBXNativeTarget section */

/* Begin PBXProject section */
		6C1C7FD71C4005F000717D37 /* Project object */ = {
			isa = PBXProject;
			attributes = {
				LastUpgradeCheck = 0720;
				ORGANIZATIONNAME = "Baris Atamer";
				TargetAttributes = {
					6C1C7FDE1C4005F000717D37 = {
						CreatedOnToolsVersion = 7.2;
					};
				};
			};
			buildConfigurationList = 6C1C7FDA1C4005F000717D37 /* Build configuration list for PBXProject "SelectableCollectionView" */;
			compatibilityVersion = "Xcode 3.2";
			developmentRegion = English;
			hasScannedForEncodings = 0;
			knownRegions = (
				en,
				Base,
			);
			mainGroup = 6C1C7FD61C4005F000717D37;
			productRefGroup = 6C1C7FE01C4005F000717D37 /* Products */;
			projectDirPath = "";
			projectRoot = "";
			targets = (
				6C1C7FDE1C4005F000717D37 /* SelectableCollectionView */,
			);
		};
/* End PBXProject section */

/* Begin PBXResourcesBuildPhase section */
		6C1C7FDD1C4005F000717D37 /* Resources */ = {
			isa = PBXResourcesBuildPhase;
			buildActionMask = 2147483647;
			files = (
				6C1C7FEF1C4005F000717D37 /* Assets.xcassets in Resources */,
				6C1C7FED1C4005F000717D37 /* Main.storyboard in Resources */,
			);
			runOnlyForDeploymentPostprocessing = 0;
		};
/* End PBXResourcesBuildPhase section */

/* Begin PBXSourcesBuildPhase section */
		6C1C7FDB1C4005F000717D37 /* Sources */ = {
			isa = PBXSourcesBuildPhase;
			buildActionMask = 2147483647;
			files = (
				6C1C80031C40066900717D37 /* BA_SelectableCollectionViewCollectionViewController.m in Sources */,
				6C1C7FEA1C4005F000717D37 /* ViewController.m in Sources */,
				6C1C80001C40064600717D37 /* CheckMarkView.m in Sources */,
				6C1C7FE71C4005F000717D37 /* AppDelegate.m in Sources */,
				6C1C7FFF1C40064600717D37 /* BA_MarkableCollectionViewCell.m in Sources */,
				6C1C7FE41C4005F000717D37 /* main.m in Sources */,
			);
			runOnlyForDeploymentPostprocessing = 0;
		};
/* End PBXSourcesBuildPhase section */

/* Begin PBXVariantGroup section */
		6C1C7FEB1C4005F000717D37 /* Main.storyboard */ = {
			isa = PBXVariantGroup;
			children = (
				6C1C7FEC1C4005F000717D37 /* Base */,
			);
			name = Main.storyboard;
			sourceTree = "<group>";
		};
/* End PBXVariantGroup section */

/* Begin XCBuildConfiguration section */
		6C1C7FF41C4005F000717D37 /* Debug */ = {
			isa = XCBuildConfiguration;
			buildSettings = {
				ALWAYS_SEARCH_USER_PATHS = NO;
				CLANG_CXX_LANGUAGE_STANDARD = "gnu++0x";
				CLANG_CXX_LIBRARY = "libc++";
				CLANG_ENABLE_MODULES = YES;
				CLANG_ENABLE_OBJC_ARC = YES;
				CLANG_WARN_BOOL_CONVERSION = YES;
				CLANG_WARN_CONSTANT_CONVERSION = YES;
				CLANG_WARN_DIRECT_OBJC_ISA_USAGE = YES_ERROR;
				CLANG_WARN_EMPTY_BODY = YES;
				CLANG_WARN_ENUM_CONVERSION = YES;
				CLANG_WARN_INT_CONVERSION = YES;
				CLANG_WARN_OBJC_ROOT_CLASS = YES_ERROR;
				CLANG_WARN_UNREACHABLE_CODE = YES;
				CLANG_WARN__DUPLICATE_METHOD_MATCH = YES;
				"CODE_SIGN_IDENTITY[sdk=iphoneos*]" = "iPhone Developer";
				COPY_PHASE_STRIP = NO;
				DEBUG_INFORMATION_FORMAT = dwarf;
				ENABLE_STRICT_OBJC_MSGSEND = YES;
				ENABLE_TESTABILITY = YES;
				GCC_C_LANGUAGE_STANDARD = gnu99;
				GCC_DYNAMIC_NO_PIC = NO;
				GCC_NO_COMMON_BLOCKS = YES;
				GCC_OPTIMIZATION_LEVEL = 0;
				GCC_PREPROCESSOR_DEFINITIONS = (
					"DEBUG=1",
					"$(inherited)",
				);
				GCC_WARN_64_TO_32_BIT_CONVERSION = YES;
				GCC_WARN_ABOUT_RETURN_TYPE = YES_ERROR;
				GCC_WARN_UNDECLARED_SELECTOR = YES;
				GCC_WARN_UNINITIALIZED_AUTOS = YES_AGGRESSIVE;
				GCC_WARN_UNUSED_FUNCTION = YES;
				GCC_WARN_UNUSED_VARIABLE = YES;
				IPHONEOS_DEPLOYMENT_TARGET = 9.2;
				MTL_ENABLE_DEBUG_INFO = YES;
				ONLY_ACTIVE_ARCH = YES;
				SDKROOT = iphoneos;
				TARGETED_DEVICE_FAMILY = "1,2";
			};
			name = Debug;
		};
		6C1C7FF51C4005F000717D37 /* Release */ = {
			isa = XCBuildConfiguration;
			buildSettings = {
				ALWAYS_SEARCH_USER_PATHS = NO;
				CLANG_CXX_LANGUAGE_STANDARD = "gnu++0x";
				CLANG_CXX_LIBRARY = "libc++";
				CLANG_ENABLE_MODULES = YES;
				CLANG_ENABLE_OBJC_ARC = YES;
				CLANG_WARN_BOOL_CONVERSION = YES;
				CLANG_WARN_CONSTANT_CONVERSION = YES;
				CLANG_WARN_DIRECT_OBJC_ISA_USAGE = YES_ERROR;
				CLANG_WARN_EMPTY_BODY = YES;
				CLANG_WARN_ENUM_CONVERSION = YES;
				CLANG_WARN_INT_CONVERSION = YES;
				CLANG_WARN_OBJC_ROOT_CLASS = YES_ERROR;
				CLANG_WARN_UNREACHABLE_CODE = YES;
				CLANG_WARN__DUPLICATE_METHOD_MATCH = YES;
				"CODE_SIGN_IDENTITY[sdk=iphoneos*]" = "iPhone Developer";
				COPY_PHASE_STRIP = NO;
				DEBUG_INFORMATION_FORMAT = "dwarf-with-dsym";
				ENABLE_NS_ASSERTIONS = NO;
				ENABLE_STRICT_OBJC_MSGSEND = YES;
				GCC_C_LANGUAGE_STANDARD = gnu99;
				GCC_NO_COMMON_BLOCKS = YES;
				GCC_WARN_64_TO_32_BIT_CONVERSION = YES;
				GCC_WARN_ABOUT_RETURN_TYPE = YES_ERROR;
				GCC_WARN_UNDECLARED_SELECTOR = YES;
				GCC_WARN_UNINITIALIZED_AUTOS = YES_AGGRESSIVE;
				GCC_WARN_UNUSED_FUNCTION = YES;
				GCC_WARN_UNUSED_VARIABLE = YES;
				IPHONEOS_DEPLOYMENT_TARGET = 9.2;
				MTL_ENABLE_DEBUG_INFO = NO;
				SDKROOT = iphoneos;
				TARGETED_DEVICE_FAMILY = "1,2";
				VALIDATE_PRODUCT = YES;
			};
			name = Release;
		};
		6C1C7FF71C4005F000717D37 /* Debug */ = {
			isa = XCBuildConfiguration;
			buildSettings = {
				ASSETCATALOG_COMPILER_APPICON_NAME = AppIcon;
				INFOPLIST_FILE = SelectableCollectionView/Info.plist;
				IPHONEOS_DEPLOYMENT_TARGET = 9.0;
				LD_RUNPATH_SEARCH_PATHS = "$(inherited) @executable_path/Frameworks";
				PRODUCT_BUNDLE_IDENTIFIER = ba.SelectableCollectionView;
				PRODUCT_NAME = "$(TARGET_NAME)";
			};
			name = Debug;
		};
		6C1C7FF81C4005F000717D37 /* Release */ = {
			isa = XCBuildConfiguration;
			buildSettings = {
				ASSETCATALOG_COMPILER_APPICON_NAME = AppIcon;
				INFOPLIST_FILE = SelectableCollectionView/Info.plist;
				IPHONEOS_DEPLOYMENT_TARGET = 9.0;
				LD_RUNPATH_SEARCH_PATHS = "$(inherited) @executable_path/Frameworks";
				PRODUCT_BUNDLE_IDENTIFIER = ba.SelectableCollectionView;
				PRODUCT_NAME = "$(TARGET_NAME)";
			};
			name = Release;
		};
/* End XCBuildConfiguration section */

/* Begin XCConfigurationList section */
		6C1C7FDA1C4005F000717D37 /* Build configuration list for PBXProject "SelectableCollectionView" */ = {
			isa = XCConfigurationList;
			buildConfigurations = (
				6C1C7FF41C4005F000717D37 /* Debug */,
				6C1C7FF51C4005F000717D37 /* Release */,
			);
			defaultConfigurationIsVisible = 0;
			defaultConfigurationName = Release;
		};
		6C1C7FF61C4005F000717D37 /* Build configuration list for PBXNativeTarget "SelectableCollectionView" */ = {
			isa = XCConfigurationList;
			buildConfigurations = (
				6C1C7FF71C4005F000717D37 /* Debug */,
				6C1C7FF81C4005F000717D37 /* Release */,
			);
			defaultConfigurationIsVisible = 0;
		};
/* End XCConfigurationList section */
	};
	rootObject = 6C1C7FD71C4005F000717D37 /* Project object */;
}
